
Microsoft Visual Studio Solution File, Format Version 12.00
# Visual Studio Version 16
Project("{FAE04EC0-301F-11D3-BF4B-00C04F79EFBC}") = "Application", "Application\Application.csproj", "{A8C23973-953F-40D2-9290-DA4B55020CC9}"
EndProject
Project("{FAE04EC0-301F-11D3-BF4B-00C04F79EFBC}") = "Domain", "Domain\Domain.csproj", "{26395D67-9453-43E6-B2D9-8623E937E743}"
EndProject
Project("{FAE04EC0-301F-11D3-BF4B-00C04F79EFBC}") = "Infrastructure", "Infrastructure\Infrastructure.csproj", "{EF686E16-F8E0-45B5-AA2D-F643775DDC65}"
EndProject
Project("{FAE04EC0-301F-11D3-BF4B-00C04F79EFBC}") = "WebApi", "WebApi\WebApi.csproj", "{CAFCD80C-2627-4042-B1B8-CA5B3AA7C33F}"
EndProject
Project("{FAE04EC0-301F-11D3-BF4B-00C04F79EFBC}") = "Application.Tests", "Application.Tests\Application.Tests.csproj", "{15065AB8-3820-49F5-850D-80BDA9728EC1}"
EndProject
Global
	GlobalSection(SolutionConfigurationPlatforms) = preSolution
		Debug|Any CPU = Debug|Any CPU
		Release|Any CPU = Release|Any CPU
	EndGlobalSection
	GlobalSection(ProjectConfigurationPlatforms) = postSolution
		{A8C23973-953F-40D2-9290-DA4B55020CC9}.Debug|Any CPU.ActiveCfg = Debug|Any CPU
		{A8C23973-953F-40D2-9290-DA4B55020CC9}.Debug|Any CPU.Build.0 = Debug|Any CPU
		{A8C23973-953F-40D2-9290-DA4B55020CC9}.Release|Any CPU.ActiveCfg = Release|Any CPU
		{A8C23973-953F-40D2-9290-DA4B55020CC9}.Release|Any CPU.Build.0 = Release|Any CPU
		{26395D67-9453-43E6-B2D9-8623E937E743}.Debug|Any CPU.ActiveCfg = Debug|Any CPU
		{26395D67-9453-43E6-B2D9-8623E937E743}.Debug|Any CPU.Build.0 = Debug|Any CPU
		{26395D67-9453-43E6-B2D9-8623E937E743}.Release|Any CPU.ActiveCfg = Release|Any CPU
		{26395D67-9453-43E6-B2D9-8623E937E743}.Release|Any CPU.Build.0 = Release|Any CPU
		{EF686E16-F8E0-45B5-AA2D-F643775DDC65}.Debug|Any CPU.ActiveCfg = Debug|Any CPU
		{EF686E16-F8E0-45B5-AA2D-F643775DDC65}.Debug|Any CPU.Build.0 = Debug|Any CPU
		{EF686E16-F8E0-45B5-AA2D-F643775DDC65}.Release|Any CPU.ActiveCfg = Release|Any CPU
		{EF686E16-F8E0-45B5-AA2D-F643775DDC65}.Release|Any CPU.Build.0 = Release|Any CPU
		{CAFCD80C-2627-4042-B1B8-CA5B3AA7C33F}.Debug|Any CPU.ActiveCfg = Debug|Any CPU
		{CAFCD80C-2627-4042-B1B8-CA5B3AA7C33F}.Debug|Any CPU.Build.0 = Debug|Any CPU
		{CAFCD80C-2627-4042-B1B8-CA5B3AA7C33F}.Release|Any CPU.ActiveCfg = Release|Any CPU
		{CAFCD80C-2627-4042-B1B8-CA5B3AA7C33F}.Release|Any CPU.Build.0 = Release|Any CPU
		{15065AB8-3820-49F5-850D-80BDA9728EC1}.Debug|Any CPU.ActiveCfg = Debug|Any CPU
		{15065AB8-3820-49F5-850D-80BDA9728EC1}.Debug|Any CPU.Build.0 = Debug|Any CPU
		{15065AB8-3820-49F5-850D-80BDA9728EC1}.Release|Any CPU.ActiveCfg = Release|Any CPU
		{15065AB8-3820-49F5-850D-80BDA9728EC1}.Release|Any CPU.Build.0 = Release|Any CPU
	EndGlobalSection
EndGlobal
